// !$*UTF8*$!
{
	archiveVersion = 1;
	classes = {
	};
	objectVersion = 56;
	objects = {

/* Begin PBXBuildFile section */
		1AE1AB482CC517A60094166A /* SwiftfulCryptoApp.swift in Sources */ = {isa = PBXBuildFile; fileRef = 1AE1AB472CC517A60094166A /* SwiftfulCryptoApp.swift */; };
		1AE1AB4A2CC517A60094166A /* ContentView.swift in Sources */ = {isa = PBXBuildFile; fileRef = 1AE1AB492CC517A60094166A /* ContentView.swift */; };
		1AE1AB4C2CC517A70094166A /* Assets.xcassets in Resources */ = {isa = PBXBuildFile; fileRef = 1AE1AB4B2CC517A70094166A /* Assets.xcassets */; };
		1AE1AB4F2CC517A70094166A /* Preview Assets.xcassets in Resources */ = {isa = PBXBuildFile; fileRef = 1AE1AB4E2CC517A70094166A /* Preview Assets.xcassets */; };
		1AE1AB5C2CC647BA0094166A /* Color.swift in Sources */ = {isa = PBXBuildFile; fileRef = 1AE1AB5B2CC647BA0094166A /* Color.swift */; };
		1AE1AB622CC657DA0094166A /* HomeView.swift in Sources */ = {isa = PBXBuildFile; fileRef = 1AE1AB612CC657DA0094166A /* HomeView.swift */; };
		1AE1AB652CC66B4F0094166A /* CircleButtonView.swift in Sources */ = {isa = PBXBuildFile; fileRef = 1AE1AB642CC66B4F0094166A /* CircleButtonView.swift */; };
		1AE1AB672CC777320094166A /* CircleButtonAnimationView.swift in Sources */ = {isa = PBXBuildFile; fileRef = 1AE1AB662CC777320094166A /* CircleButtonAnimationView.swift */; };
		1AE1AB6A2CC78DEF0094166A /* CoinModel.swift in Sources */ = {isa = PBXBuildFile; fileRef = 1AE1AB692CC78DEF0094166A /* CoinModel.swift */; };
		1AE1AB6C2CC7A59E0094166A /* CoinRowView.swift in Sources */ = {isa = PBXBuildFile; fileRef = 1AE1AB6B2CC7A59E0094166A /* CoinRowView.swift */; };
		1AE1AB6E2CC7ACC70094166A /* PreviewProvider.swift in Sources */ = {isa = PBXBuildFile; fileRef = 1AE1AB6D2CC7ACC70094166A /* PreviewProvider.swift */; };
		1AE1AB702CC7C7270094166A /* Double.swift in Sources */ = {isa = PBXBuildFile; fileRef = 1AE1AB6F2CC7C7270094166A /* Double.swift */; };
		1AE1AB722CC81FB30094166A /* HomeViewModel.swift in Sources */ = {isa = PBXBuildFile; fileRef = 1AE1AB712CC81FB30094166A /* HomeViewModel.swift */; };
		1AE1AB752CC8FB7D0094166A /* CoinDataService.swift in Sources */ = {isa = PBXBuildFile; fileRef = 1AE1AB742CC8FB7D0094166A /* CoinDataService.swift */; };
		1AE1AB782CC92D580094166A /* NetworkingManager.swift in Sources */ = {isa = PBXBuildFile; fileRef = 1AE1AB772CC92D580094166A /* NetworkingManager.swift */; };
		1AE1AB7B2CCA17550094166A /* CoinImageView.swift in Sources */ = {isa = PBXBuildFile; fileRef = 1AE1AB7A2CCA17550094166A /* CoinImageView.swift */; };
		1AE1AB7D2CCA1D140094166A /* CoinImageService.swift in Sources */ = {isa = PBXBuildFile; fileRef = 1AE1AB7C2CCA1D140094166A /* CoinImageService.swift */; };
		1AE1AB7F2CCA1F670094166A /* CoinImageViewModel.swift in Sources */ = {isa = PBXBuildFile; fileRef = 1AE1AB7E2CCA1F670094166A /* CoinImageViewModel.swift */; };
		1AE1AB812CCA39130094166A /* LocalFileManager.swift in Sources */ = {isa = PBXBuildFile; fileRef = 1AE1AB802CCA39130094166A /* LocalFileManager.swift */; };
		1AE1AB832CCAC2080094166A /* SearchBarView.swift in Sources */ = {isa = PBXBuildFile; fileRef = 1AE1AB822CCAC2080094166A /* SearchBarView.swift */; };
		1AE1AB852CCACD0C0094166A /* UIApplication.swift in Sources */ = {isa = PBXBuildFile; fileRef = 1AE1AB842CCACD0C0094166A /* UIApplication.swift */; };
		1AE1AB872CCB8B600094166A /* StatisticModel.swift in Sources */ = {isa = PBXBuildFile; fileRef = 1AE1AB862CCB8B600094166A /* StatisticModel.swift */; };
		1AE1AB892CCB8E700094166A /* StatisticView.swift in Sources */ = {isa = PBXBuildFile; fileRef = 1AE1AB882CCB8E700094166A /* StatisticView.swift */; };
		1AE1AB8B2CCB94920094166A /* HomeStatsView.swift in Sources */ = {isa = PBXBuildFile; fileRef = 1AE1AB8A2CCB94920094166A /* HomeStatsView.swift */; };
		1AE1AB8D2CD2246A0094166A /* MarketDataModel.swift in Sources */ = {isa = PBXBuildFile; fileRef = 1AE1AB8C2CD2246A0094166A /* MarketDataModel.swift */; };
		1AE1AB8F2CD2317E0094166A /* MarketDataService.swift in Sources */ = {isa = PBXBuildFile; fileRef = 1AE1AB8E2CD2317E0094166A /* MarketDataService.swift */; };
		1AE1AB912CD244C50094166A /* PortfolioView.swift in Sources */ = {isa = PBXBuildFile; fileRef = 1AE1AB902CD244C50094166A /* PortfolioView.swift */; };
		1AE1AB932CD24CF90094166A /* XMarkButton.swift in Sources */ = {isa = PBXBuildFile; fileRef = 1AE1AB922CD24CF80094166A /* XMarkButton.swift */; };
		1AE1AB952CD25F270094166A /* CoinLogoView.swift in Sources */ = {isa = PBXBuildFile; fileRef = 1AE1AB942CD25F270094166A /* CoinLogoView.swift */; };
		1AE1AB982CD399800094166A /* PortfolioContainer.xcdatamodeld in Sources */ = {isa = PBXBuildFile; fileRef = 1AE1AB962CD399800094166A /* PortfolioContainer.xcdatamodeld */; };
		1AE1AB9A2CD3A4CC0094166A /* PortfolioDataService.swift in Sources */ = {isa = PBXBuildFile; fileRef = 1AE1AB992CD3A4CC0094166A /* PortfolioDataService.swift */; };
		1AE1AB9C2CD76CC50094166A /* HapticManager.swift in Sources */ = {isa = PBXBuildFile; fileRef = 1AE1AB9B2CD76CC50094166A /* HapticManager.swift */; };
		1AE1ABA12CD7A39A0094166A /* DetailView.swift in Sources */ = {isa = PBXBuildFile; fileRef = 1AE1ABA02CD7A39A0094166A /* DetailView.swift */; };
		1AE1ABA32CD7B3950094166A /* CoinDetailModel.swift in Sources */ = {isa = PBXBuildFile; fileRef = 1AE1ABA22CD7B3950094166A /* CoinDetailModel.swift */; };
		1AE1ABA52CD89BED0094166A /* DetailViewModel.swift in Sources */ = {isa = PBXBuildFile; fileRef = 1AE1ABA42CD89BED0094166A /* DetailViewModel.swift */; };
		1AE1ABA72CD89C260094166A /* CoinDetailDataService.swift in Sources */ = {isa = PBXBuildFile; fileRef = 1AE1ABA62CD89C260094166A /* CoinDetailDataService.swift */; };
/* End PBXBuildFile section */

/* Begin PBXFileReference section */
		1AE1AB442CC517A60094166A /* SwiftfulCrypto.app */ = {isa = PBXFileReference; explicitFileType = wrapper.application; includeInIndex = 0; path = SwiftfulCrypto.app; sourceTree = BUILT_PRODUCTS_DIR; };
		1AE1AB472CC517A60094166A /* SwiftfulCryptoApp.swift */ = {isa = PBXFileReference; lastKnownFileType = sourcecode.swift; path = SwiftfulCryptoApp.swift; sourceTree = "<group>"; };
		1AE1AB492CC517A60094166A /* ContentView.swift */ = {isa = PBXFileReference; lastKnownFileType = sourcecode.swift; path = ContentView.swift; sourceTree = "<group>"; };
		1AE1AB4B2CC517A70094166A /* Assets.xcassets */ = {isa = PBXFileReference; lastKnownFileType = folder.assetcatalog; path = Assets.xcassets; sourceTree = "<group>"; };
		1AE1AB4E2CC517A70094166A /* Preview Assets.xcassets */ = {isa = PBXFileReference; lastKnownFileType = folder.assetcatalog; path = "Preview Assets.xcassets"; sourceTree = "<group>"; };
		1AE1AB5B2CC647BA0094166A /* Color.swift */ = {isa = PBXFileReference; lastKnownFileType = sourcecode.swift; path = Color.swift; sourceTree = "<group>"; };
		1AE1AB612CC657DA0094166A /* HomeView.swift */ = {isa = PBXFileReference; lastKnownFileType = sourcecode.swift; path = HomeView.swift; sourceTree = "<group>"; };
		1AE1AB642CC66B4F0094166A /* CircleButtonView.swift */ = {isa = PBXFileReference; lastKnownFileType = sourcecode.swift; path = CircleButtonView.swift; sourceTree = "<group>"; };
		1AE1AB662CC777320094166A /* CircleButtonAnimationView.swift */ = {isa = PBXFileReference; lastKnownFileType = sourcecode.swift; path = CircleButtonAnimationView.swift; sourceTree = "<group>"; };
		1AE1AB692CC78DEF0094166A /* CoinModel.swift */ = {isa = PBXFileReference; lastKnownFileType = sourcecode.swift; path = CoinModel.swift; sourceTree = "<group>"; };
		1AE1AB6B2CC7A59E0094166A /* CoinRowView.swift */ = {isa = PBXFileReference; lastKnownFileType = sourcecode.swift; path = CoinRowView.swift; sourceTree = "<group>"; };
		1AE1AB6D2CC7ACC70094166A /* PreviewProvider.swift */ = {isa = PBXFileReference; lastKnownFileType = sourcecode.swift; path = PreviewProvider.swift; sourceTree = "<group>"; };
		1AE1AB6F2CC7C7270094166A /* Double.swift */ = {isa = PBXFileReference; lastKnownFileType = sourcecode.swift; path = Double.swift; sourceTree = "<group>"; };
		1AE1AB712CC81FB30094166A /* HomeViewModel.swift */ = {isa = PBXFileReference; lastKnownFileType = sourcecode.swift; path = HomeViewModel.swift; sourceTree = "<group>"; };
		1AE1AB742CC8FB7D0094166A /* CoinDataService.swift */ = {isa = PBXFileReference; lastKnownFileType = sourcecode.swift; path = CoinDataService.swift; sourceTree = "<group>"; };
		1AE1AB772CC92D580094166A /* NetworkingManager.swift */ = {isa = PBXFileReference; lastKnownFileType = sourcecode.swift; path = NetworkingManager.swift; sourceTree = "<group>"; };
		1AE1AB7A2CCA17550094166A /* CoinImageView.swift */ = {isa = PBXFileReference; lastKnownFileType = sourcecode.swift; path = CoinImageView.swift; sourceTree = "<group>"; };
		1AE1AB7C2CCA1D140094166A /* CoinImageService.swift */ = {isa = PBXFileReference; lastKnownFileType = sourcecode.swift; path = CoinImageService.swift; sourceTree = "<group>"; };
		1AE1AB7E2CCA1F670094166A /* CoinImageViewModel.swift */ = {isa = PBXFileReference; lastKnownFileType = sourcecode.swift; path = CoinImageViewModel.swift; sourceTree = "<group>"; };
		1AE1AB802CCA39130094166A /* LocalFileManager.swift */ = {isa = PBXFileReference; lastKnownFileType = sourcecode.swift; path = LocalFileManager.swift; sourceTree = "<group>"; };
		1AE1AB822CCAC2080094166A /* SearchBarView.swift */ = {isa = PBXFileReference; lastKnownFileType = sourcecode.swift; path = SearchBarView.swift; sourceTree = "<group>"; };
		1AE1AB842CCACD0C0094166A /* UIApplication.swift */ = {isa = PBXFileReference; lastKnownFileType = sourcecode.swift; path = UIApplication.swift; sourceTree = "<group>"; };
		1AE1AB862CCB8B600094166A /* StatisticModel.swift */ = {isa = PBXFileReference; lastKnownFileType = sourcecode.swift; path = StatisticModel.swift; sourceTree = "<group>"; };
		1AE1AB882CCB8E700094166A /* StatisticView.swift */ = {isa = PBXFileReference; lastKnownFileType = sourcecode.swift; path = StatisticView.swift; sourceTree = "<group>"; };
		1AE1AB8A2CCB94920094166A /* HomeStatsView.swift */ = {isa = PBXFileReference; lastKnownFileType = sourcecode.swift; path = HomeStatsView.swift; sourceTree = "<group>"; };
		1AE1AB8C2CD2246A0094166A /* MarketDataModel.swift */ = {isa = PBXFileReference; lastKnownFileType = sourcecode.swift; path = MarketDataModel.swift; sourceTree = "<group>"; };
		1AE1AB8E2CD2317E0094166A /* MarketDataService.swift */ = {isa = PBXFileReference; lastKnownFileType = sourcecode.swift; path = MarketDataService.swift; sourceTree = "<group>"; };
		1AE1AB902CD244C50094166A /* PortfolioView.swift */ = {isa = PBXFileReference; lastKnownFileType = sourcecode.swift; path = PortfolioView.swift; sourceTree = "<group>"; };
		1AE1AB922CD24CF80094166A /* XMarkButton.swift */ = {isa = PBXFileReference; lastKnownFileType = sourcecode.swift; path = XMarkButton.swift; sourceTree = "<group>"; };
		1AE1AB942CD25F270094166A /* CoinLogoView.swift */ = {isa = PBXFileReference; lastKnownFileType = sourcecode.swift; path = CoinLogoView.swift; sourceTree = "<group>"; };
		1AE1AB972CD399800094166A /* PortfolioContainer.xcdatamodel */ = {isa = PBXFileReference; lastKnownFileType = wrapper.xcdatamodel; path = PortfolioContainer.xcdatamodel; sourceTree = "<group>"; };
		1AE1AB992CD3A4CC0094166A /* PortfolioDataService.swift */ = {isa = PBXFileReference; lastKnownFileType = sourcecode.swift; path = PortfolioDataService.swift; sourceTree = "<group>"; };
		1AE1AB9B2CD76CC50094166A /* HapticManager.swift */ = {isa = PBXFileReference; lastKnownFileType = sourcecode.swift; path = HapticManager.swift; sourceTree = "<group>"; };
		1AE1ABA02CD7A39A0094166A /* DetailView.swift */ = {isa = PBXFileReference; lastKnownFileType = sourcecode.swift; path = DetailView.swift; sourceTree = "<group>"; };
		1AE1ABA22CD7B3950094166A /* CoinDetailModel.swift */ = {isa = PBXFileReference; lastKnownFileType = sourcecode.swift; path = CoinDetailModel.swift; sourceTree = "<group>"; };
		1AE1ABA42CD89BED0094166A /* DetailViewModel.swift */ = {isa = PBXFileReference; lastKnownFileType = sourcecode.swift; path = DetailViewModel.swift; sourceTree = "<group>"; };
		1AE1ABA62CD89C260094166A /* CoinDetailDataService.swift */ = {isa = PBXFileReference; lastKnownFileType = sourcecode.swift; path = CoinDetailDataService.swift; sourceTree = "<group>"; };
/* End PBXFileReference section */

/* Begin PBXFrameworksBuildPhase section */
		1AE1AB412CC517A60094166A /* Frameworks */ = {
			isa = PBXFrameworksBuildPhase;
			buildActionMask = 2147483647;
			files = (
			);
			runOnlyForDeploymentPostprocessing = 0;
		};
/* End PBXFrameworksBuildPhase section */

/* Begin PBXGroup section */
		1AE1AB3B2CC517A60094166A = {
			isa = PBXGroup;
			children = (
				1AE1AB462CC517A60094166A /* SwiftfulCrypto */,
				1AE1AB452CC517A60094166A /* Products */,
			);
			sourceTree = "<group>";
		};
		1AE1AB452CC517A60094166A /* Products */ = {
			isa = PBXGroup;
			children = (
				1AE1AB442CC517A60094166A /* SwiftfulCrypto.app */,
			);
			name = Products;
			sourceTree = "<group>";
		};
		1AE1AB462CC517A60094166A /* SwiftfulCrypto */ = {
			isa = PBXGroup;
			children = (
				1AE1AB762CC92CA50094166A /* Utilities */,
				1AE1AB732CC8FB5E0094166A /* Services */,
				1AE1AB5D2CC6547B0094166A /* Core */,
				1AE1AB5A2CC647AE0094166A /* Extensions */,
				1AE1AB682CC78DA10094166A /* Models */,
				1AE1AB472CC517A60094166A /* SwiftfulCryptoApp.swift */,
				1AE1AB492CC517A60094166A /* ContentView.swift */,
				1AE1AB4B2CC517A70094166A /* Assets.xcassets */,
				1AE1AB4D2CC517A70094166A /* Preview Content */,
			);
			path = SwiftfulCrypto;
			sourceTree = "<group>";
		};
		1AE1AB4D2CC517A70094166A /* Preview Content */ = {
			isa = PBXGroup;
			children = (
				1AE1AB4E2CC517A70094166A /* Preview Assets.xcassets */,
			);
			path = "Preview Content";
			sourceTree = "<group>";
		};
		1AE1AB5A2CC647AE0094166A /* Extensions */ = {
			isa = PBXGroup;
			children = (
				1AE1AB5B2CC647BA0094166A /* Color.swift */,
				1AE1AB6D2CC7ACC70094166A /* PreviewProvider.swift */,
				1AE1AB6F2CC7C7270094166A /* Double.swift */,
				1AE1AB842CCACD0C0094166A /* UIApplication.swift */,
			);
			path = Extensions;
			sourceTree = "<group>";
		};
		1AE1AB5D2CC6547B0094166A /* Core */ = {
			isa = PBXGroup;
			children = (
				1AE1AB632CC66B0A0094166A /* Components */,
				1AE1AB5E2CC655EA0094166A /* Home */,
				1AE1AB9D2CD7A2D40094166A /* Detail */,
			);
			path = Core;
			sourceTree = "<group>";
		};
		1AE1AB5E2CC655EA0094166A /* Home */ = {
			isa = PBXGroup;
			children = (
				1AE1AB602CC655F90094166A /* ViewModels */,
				1AE1AB5F2CC655F40094166A /* Views */,
			);
			path = Home;
			sourceTree = "<group>";
		};
		1AE1AB5F2CC655F40094166A /* Views */ = {
			isa = PBXGroup;
			children = (
				1AE1AB612CC657DA0094166A /* HomeView.swift */,
				1AE1AB902CD244C50094166A /* PortfolioView.swift */,
				1AE1AB6B2CC7A59E0094166A /* CoinRowView.swift */,
				1AE1AB8A2CCB94920094166A /* HomeStatsView.swift */,
			);
			path = Views;
			sourceTree = "<group>";
		};
		1AE1AB602CC655F90094166A /* ViewModels */ = {
			isa = PBXGroup;
			children = (
				1AE1AB712CC81FB30094166A /* HomeViewModel.swift */,
			);
			path = ViewModels;
			sourceTree = "<group>";
		};
		1AE1AB632CC66B0A0094166A /* Components */ = {
			isa = PBXGroup;
			children = (
				1AE1AB792CCA173B0094166A /* Coin Image */,
				1AE1AB642CC66B4F0094166A /* CircleButtonView.swift */,
				1AE1AB662CC777320094166A /* CircleButtonAnimationView.swift */,
				1AE1AB822CCAC2080094166A /* SearchBarView.swift */,
				1AE1AB882CCB8E700094166A /* StatisticView.swift */,
				1AE1AB922CD24CF80094166A /* XMarkButton.swift */,
			);
			path = Components;
			sourceTree = "<group>";
		};
		1AE1AB682CC78DA10094166A /* Models */ = {
			isa = PBXGroup;
			children = (
				1AE1AB692CC78DEF0094166A /* CoinModel.swift */,
				1AE1AB862CCB8B600094166A /* StatisticModel.swift */,
				1AE1AB8C2CD2246A0094166A /* MarketDataModel.swift */,
				1AE1ABA22CD7B3950094166A /* CoinDetailModel.swift */,
				1AE1AB962CD399800094166A /* PortfolioContainer.xcdatamodeld */,
			);
			path = Models;
			sourceTree = "<group>";
		};
		1AE1AB732CC8FB5E0094166A /* Services */ = {
			isa = PBXGroup;
			children = (
				1AE1AB742CC8FB7D0094166A /* CoinDataService.swift */,
				1AE1AB7C2CCA1D140094166A /* CoinImageService.swift */,
				1AE1AB8E2CD2317E0094166A /* MarketDataService.swift */,
				1AE1AB992CD3A4CC0094166A /* PortfolioDataService.swift */,
				1AE1ABA62CD89C260094166A /* CoinDetailDataService.swift */,
			);
			path = Services;
			sourceTree = "<group>";
		};
		1AE1AB762CC92CA50094166A /* Utilities */ = {
			isa = PBXGroup;
			children = (
				1AE1AB772CC92D580094166A /* NetworkingManager.swift */,
				1AE1AB802CCA39130094166A /* LocalFileManager.swift */,
				1AE1AB9B2CD76CC50094166A /* HapticManager.swift */,
			);
			path = Utilities;
			sourceTree = "<group>";
		};
		1AE1AB792CCA173B0094166A /* Coin Image */ = {
			isa = PBXGroup;
			children = (
				1AE1AB7A2CCA17550094166A /* CoinImageView.swift */,
				1AE1AB7E2CCA1F670094166A /* CoinImageViewModel.swift */,
				1AE1AB942CD25F270094166A /* CoinLogoView.swift */,
			);
			path = "Coin Image";
			sourceTree = "<group>";
		};
		1AE1AB9D2CD7A2D40094166A /* Detail */ = {
			isa = PBXGroup;
			children = (
				1AE1AB9F2CD7A36E0094166A /* Views */,
				1AE1AB9E2CD7A3690094166A /* View Models */,
				1AE1ABA02CD7A39A0094166A /* DetailView.swift */,
			);
			path = Detail;
			sourceTree = "<group>";
		};
		1AE1AB9E2CD7A3690094166A /* View Models */ = {
			isa = PBXGroup;
			children = (
				1AE1ABA42CD89BED0094166A /* DetailViewModel.swift */,
			);
			path = "View Models";
			sourceTree = "<group>";
		};
		1AE1AB9F2CD7A36E0094166A /* Views */ = {
			isa = PBXGroup;
			children = (
			);
			path = Views;
			sourceTree = "<group>";
		};
/* End PBXGroup section */

/* Begin PBXNativeTarget section */
		1AE1AB432CC517A60094166A /* SwiftfulCrypto */ = {
			isa = PBXNativeTarget;
			buildConfigurationList = 1AE1AB572CC517A70094166A /* Build configuration list for PBXNativeTarget "SwiftfulCrypto" */;
			buildPhases = (
				1AE1AB402CC517A60094166A /* Sources */,
				1AE1AB412CC517A60094166A /* Frameworks */,
				1AE1AB422CC517A60094166A /* Resources */,
			);
			buildRules = (
			);
			dependencies = (
			);
			name = SwiftfulCrypto;
			productName = SwiftfulCrypto;
			productReference = 1AE1AB442CC517A60094166A /* SwiftfulCrypto.app */;
			productType = "com.apple.product-type.application";
		};
/* End PBXNativeTarget section */

/* Begin PBXProject section */
		1AE1AB3C2CC517A60094166A /* Project object */ = {
			isa = PBXProject;
			attributes = {
				BuildIndependentTargetsInParallel = 1;
				LastSwiftUpdateCheck = 1520;
				LastUpgradeCheck = 1520;
				TargetAttributes = {
					1AE1AB432CC517A60094166A = {
						CreatedOnToolsVersion = 15.2;
					};
				};
			};
			buildConfigurationList = 1AE1AB3F2CC517A60094166A /* Build configuration list for PBXProject "SwiftfulCrypto" */;
			compatibilityVersion = "Xcode 14.0";
			developmentRegion = en;
			hasScannedForEncodings = 0;
			knownRegions = (
				en,
				Base,
			);
			mainGroup = 1AE1AB3B2CC517A60094166A;
			productRefGroup = 1AE1AB452CC517A60094166A /* Products */;
			projectDirPath = "";
			projectRoot = "";
			targets = (
				1AE1AB432CC517A60094166A /* SwiftfulCrypto */,
			);
		};
/* End PBXProject section */

/* Begin PBXResourcesBuildPhase section */
		1AE1AB422CC517A60094166A /* Resources */ = {
			isa = PBXResourcesBuildPhase;
			buildActionMask = 2147483647;
			files = (
				1AE1AB4F2CC517A70094166A /* Preview Assets.xcassets in Resources */,
				1AE1AB4C2CC517A70094166A /* Assets.xcassets in Resources */,
			);
			runOnlyForDeploymentPostprocessing = 0;
		};
/* End PBXResourcesBuildPhase section */

/* Begin PBXSourcesBuildPhase section */
		1AE1AB402CC517A60094166A /* Sources */ = {
			isa = PBXSourcesBuildPhase;
			buildActionMask = 2147483647;
			files = (
				1AE1AB982CD399800094166A /* PortfolioContainer.xcdatamodeld in Sources */,
				1AE1AB872CCB8B600094166A /* StatisticModel.swift in Sources */,
				1AE1AB752CC8FB7D0094166A /* CoinDataService.swift in Sources */,
				1AE1AB6C2CC7A59E0094166A /* CoinRowView.swift in Sources */,
				1AE1AB722CC81FB30094166A /* HomeViewModel.swift in Sources */,
				1AE1AB4A2CC517A60094166A /* ContentView.swift in Sources */,
				1AE1AB812CCA39130094166A /* LocalFileManager.swift in Sources */,
				1AE1AB8D2CD2246A0094166A /* MarketDataModel.swift in Sources */,
				1AE1AB932CD24CF90094166A /* XMarkButton.swift in Sources */,
				1AE1AB622CC657DA0094166A /* HomeView.swift in Sources */,
				1AE1AB892CCB8E700094166A /* StatisticView.swift in Sources */,
				1AE1AB7B2CCA17550094166A /* CoinImageView.swift in Sources */,
				1AE1AB482CC517A60094166A /* SwiftfulCryptoApp.swift in Sources */,
				1AE1AB852CCACD0C0094166A /* UIApplication.swift in Sources */,
				1AE1AB652CC66B4F0094166A /* CircleButtonView.swift in Sources */,
				1AE1AB5C2CC647BA0094166A /* Color.swift in Sources */,
				1AE1ABA12CD7A39A0094166A /* DetailView.swift in Sources */,
				1AE1AB9C2CD76CC50094166A /* HapticManager.swift in Sources */,
				1AE1AB832CCAC2080094166A /* SearchBarView.swift in Sources */,
				1AE1AB782CC92D580094166A /* NetworkingManager.swift in Sources */,
				1AE1AB952CD25F270094166A /* CoinLogoView.swift in Sources */,
				1AE1AB8B2CCB94920094166A /* HomeStatsView.swift in Sources */,
				1AE1AB8F2CD2317E0094166A /* MarketDataService.swift in Sources */,
				1AE1AB672CC777320094166A /* CircleButtonAnimationView.swift in Sources */,
				1AE1AB7F2CCA1F670094166A /* CoinImageViewModel.swift in Sources */,
				1AE1AB6E2CC7ACC70094166A /* PreviewProvider.swift in Sources */,
				1AE1AB912CD244C50094166A /* PortfolioView.swift in Sources */,
				1AE1AB702CC7C7270094166A /* Double.swift in Sources */,
				1AE1AB7D2CCA1D140094166A /* CoinImageService.swift in Sources */,
				1AE1ABA32CD7B3950094166A /* CoinDetailModel.swift in Sources */,
				1AE1AB6A2CC78DEF0094166A /* CoinModel.swift in Sources */,
				1AE1ABA72CD89C260094166A /* CoinDetailDataService.swift in Sources */,
				1AE1ABA52CD89BED0094166A /* DetailViewModel.swift in Sources */,
				1AE1AB9A2CD3A4CC0094166A /* PortfolioDataService.swift in Sources */,
			);
			runOnlyForDeploymentPostprocessing = 0;
		};
/* End PBXSourcesBuildPhase section */

/* Begin XCBuildConfiguration section */
		1AE1AB552CC517A70094166A /* Debug */ = {
			isa = XCBuildConfiguration;
			buildSettings = {
				ALWAYS_SEARCH_USER_PATHS = NO;
				ASSETCATALOG_COMPILER_GENERATE_SWIFT_ASSET_SYMBOL_EXTENSIONS = YES;
				CLANG_ANALYZER_NONNULL = YES;
				CLANG_ANALYZER_NUMBER_OBJECT_CONVERSION = YES_AGGRESSIVE;
				CLANG_CXX_LANGUAGE_STANDARD = "gnu++20";
				CLANG_ENABLE_MODULES = YES;
				CLANG_ENABLE_OBJC_ARC = YES;
				CLANG_ENABLE_OBJC_WEAK = YES;
				CLANG_WARN_BLOCK_CAPTURE_AUTORELEASING = YES;
				CLANG_WARN_BOOL_CONVERSION = YES;
				CLANG_WARN_COMMA = YES;
				CLANG_WARN_CONSTANT_CONVERSION = YES;
				CLANG_WARN_DEPRECATED_OBJC_IMPLEMENTATIONS = YES;
				CLANG_WARN_DIRECT_OBJC_ISA_USAGE = YES_ERROR;
				CLANG_WARN_DOCUMENTATION_COMMENTS = YES;
				CLANG_WARN_EMPTY_BODY = YES;
				CLANG_WARN_ENUM_CONVERSION = YES;
				CLANG_WARN_INFINITE_RECURSION = YES;
				CLANG_WARN_INT_CONVERSION = YES;
				CLANG_WARN_NON_LITERAL_NULL_CONVERSION = YES;
				CLANG_WARN_OBJC_IMPLICIT_RETAIN_SELF = YES;
				CLANG_WARN_OBJC_LITERAL_CONVERSION = YES;
				CLANG_WARN_OBJC_ROOT_CLASS = YES_ERROR;
				CLANG_WARN_QUOTED_INCLUDE_IN_FRAMEWORK_HEADER = YES;
				CLANG_WARN_RANGE_LOOP_ANALYSIS = YES;
				CLANG_WARN_STRICT_PROTOTYPES = YES;
				CLANG_WARN_SUSPICIOUS_MOVE = YES;
				CLANG_WARN_UNGUARDED_AVAILABILITY = YES_AGGRESSIVE;
				CLANG_WARN_UNREACHABLE_CODE = YES;
				CLANG_WARN__DUPLICATE_METHOD_MATCH = YES;
				COPY_PHASE_STRIP = NO;
				DEBUG_INFORMATION_FORMAT = dwarf;
				ENABLE_STRICT_OBJC_MSGSEND = YES;
				ENABLE_TESTABILITY = YES;
				ENABLE_USER_SCRIPT_SANDBOXING = YES;
				GCC_C_LANGUAGE_STANDARD = gnu17;
				GCC_DYNAMIC_NO_PIC = NO;
				GCC_NO_COMMON_BLOCKS = YES;
				GCC_OPTIMIZATION_LEVEL = 0;
				GCC_PREPROCESSOR_DEFINITIONS = (
					"DEBUG=1",
					"$(inherited)",
				);
				GCC_WARN_64_TO_32_BIT_CONVERSION = YES;
				GCC_WARN_ABOUT_RETURN_TYPE = YES_ERROR;
				GCC_WARN_UNDECLARED_SELECTOR = YES;
				GCC_WARN_UNINITIALIZED_AUTOS = YES_AGGRESSIVE;
				GCC_WARN_UNUSED_FUNCTION = YES;
				GCC_WARN_UNUSED_VARIABLE = YES;
				IPHONEOS_DEPLOYMENT_TARGET = 17.2;
				LOCALIZATION_PREFERS_STRING_CATALOGS = YES;
				MTL_ENABLE_DEBUG_INFO = INCLUDE_SOURCE;
				MTL_FAST_MATH = YES;
				ONLY_ACTIVE_ARCH = YES;
				SDKROOT = iphoneos;
				SWIFT_ACTIVE_COMPILATION_CONDITIONS = "DEBUG $(inherited)";
				SWIFT_OPTIMIZATION_LEVEL = "-Onone";
			};
			name = Debug;
		};
		1AE1AB562CC517A70094166A /* Release */ = {
			isa = XCBuildConfiguration;
			buildSettings = {
				ALWAYS_SEARCH_USER_PATHS = NO;
				ASSETCATALOG_COMPILER_GENERATE_SWIFT_ASSET_SYMBOL_EXTENSIONS = YES;
				CLANG_ANALYZER_NONNULL = YES;
				CLANG_ANALYZER_NUMBER_OBJECT_CONVERSION = YES_AGGRESSIVE;
				CLANG_CXX_LANGUAGE_STANDARD = "gnu++20";
				CLANG_ENABLE_MODULES = YES;
				CLANG_ENABLE_OBJC_ARC = YES;
				CLANG_ENABLE_OBJC_WEAK = YES;
				CLANG_WARN_BLOCK_CAPTURE_AUTORELEASING = YES;
				CLANG_WARN_BOOL_CONVERSION = YES;
				CLANG_WARN_COMMA = YES;
				CLANG_WARN_CONSTANT_CONVERSION = YES;
				CLANG_WARN_DEPRECATED_OBJC_IMPLEMENTATIONS = YES;
				CLANG_WARN_DIRECT_OBJC_ISA_USAGE = YES_ERROR;
				CLANG_WARN_DOCUMENTATION_COMMENTS = YES;
				CLANG_WARN_EMPTY_BODY = YES;
				CLANG_WARN_ENUM_CONVERSION = YES;
				CLANG_WARN_INFINITE_RECURSION = YES;
				CLANG_WARN_INT_CONVERSION = YES;
				CLANG_WARN_NON_LITERAL_NULL_CONVERSION = YES;
				CLANG_WARN_OBJC_IMPLICIT_RETAIN_SELF = YES;
				CLANG_WARN_OBJC_LITERAL_CONVERSION = YES;
				CLANG_WARN_OBJC_ROOT_CLASS = YES_ERROR;
				CLANG_WARN_QUOTED_INCLUDE_IN_FRAMEWORK_HEADER = YES;
				CLANG_WARN_RANGE_LOOP_ANALYSIS = YES;
				CLANG_WARN_STRICT_PROTOTYPES = YES;
				CLANG_WARN_SUSPICIOUS_MOVE = YES;
				CLANG_WARN_UNGUARDED_AVAILABILITY = YES_AGGRESSIVE;
				CLANG_WARN_UNREACHABLE_CODE = YES;
				CLANG_WARN__DUPLICATE_METHOD_MATCH = YES;
				COPY_PHASE_STRIP = NO;
				DEBUG_INFORMATION_FORMAT = "dwarf-with-dsym";
				ENABLE_NS_ASSERTIONS = NO;
				ENABLE_STRICT_OBJC_MSGSEND = YES;
				ENABLE_USER_SCRIPT_SANDBOXING = YES;
				GCC_C_LANGUAGE_STANDARD = gnu17;
				GCC_NO_COMMON_BLOCKS = YES;
				GCC_WARN_64_TO_32_BIT_CONVERSION = YES;
				GCC_WARN_ABOUT_RETURN_TYPE = YES_ERROR;
				GCC_WARN_UNDECLARED_SELECTOR = YES;
				GCC_WARN_UNINITIALIZED_AUTOS = YES_AGGRESSIVE;
				GCC_WARN_UNUSED_FUNCTION = YES;
				GCC_WARN_UNUSED_VARIABLE = YES;
				IPHONEOS_DEPLOYMENT_TARGET = 17.2;
				LOCALIZATION_PREFERS_STRING_CATALOGS = YES;
				MTL_ENABLE_DEBUG_INFO = NO;
				MTL_FAST_MATH = YES;
				SDKROOT = iphoneos;
				SWIFT_COMPILATION_MODE = wholemodule;
				VALIDATE_PRODUCT = YES;
			};
			name = Release;
		};
		1AE1AB582CC517A70094166A /* Debug */ = {
			isa = XCBuildConfiguration;
			buildSettings = {
				ASSETCATALOG_COMPILER_APPICON_NAME = AppIcon;
				ASSETCATALOG_COMPILER_GLOBAL_ACCENT_COLOR_NAME = AccentColor;
				CODE_SIGN_STYLE = Automatic;
				CURRENT_PROJECT_VERSION = 1;
				DEVELOPMENT_ASSET_PATHS = "\"SwiftfulCrypto/Preview Content\"";
				DEVELOPMENT_TEAM = JHMZ6EEG92;
				ENABLE_PREVIEWS = YES;
				GENERATE_INFOPLIST_FILE = YES;
				INFOPLIST_KEY_CFBundleDisplayName = "Crypto Tracker";
				INFOPLIST_KEY_UIApplicationSceneManifest_Generation = YES;
				INFOPLIST_KEY_UIApplicationSupportsIndirectInputEvents = YES;
				INFOPLIST_KEY_UILaunchScreen_Generation = YES;
				INFOPLIST_KEY_UISupportedInterfaceOrientations = UIInterfaceOrientationPortrait;
				LD_RUNPATH_SEARCH_PATHS = (
					"$(inherited)",
					"@executable_path/Frameworks",
				);
				MARKETING_VERSION = 1.0;
				PRODUCT_BUNDLE_IDENTIFIER = com.shreyapallan.SwiftfulCrypto;
				PRODUCT_NAME = "$(TARGET_NAME)";
				SUPPORTED_PLATFORMS = "iphoneos iphonesimulator";
				SUPPORTS_MACCATALYST = NO;
				SUPPORTS_MAC_DESIGNED_FOR_IPHONE_IPAD = NO;
				SUPPORTS_XR_DESIGNED_FOR_IPHONE_IPAD = NO;
				SWIFT_EMIT_LOC_STRINGS = YES;
				SWIFT_VERSION = 5.0;
				TARGETED_DEVICE_FAMILY = "1,2";
			};
			name = Debug;
		};
		1AE1AB592CC517A70094166A /* Release */ = {
			isa = XCBuildConfiguration;
			buildSettings = {
				ASSETCATALOG_COMPILER_APPICON_NAME = AppIcon;
				ASSETCATALOG_COMPILER_GLOBAL_ACCENT_COLOR_NAME = AccentColor;
				CODE_SIGN_STYLE = Automatic;
				CURRENT_PROJECT_VERSION = 1;
				DEVELOPMENT_ASSET_PATHS = "\"SwiftfulCrypto/Preview Content\"";
				DEVELOPMENT_TEAM = JHMZ6EEG92;
				ENABLE_PREVIEWS = YES;
				GENERATE_INFOPLIST_FILE = YES;
				INFOPLIST_KEY_CFBundleDisplayName = "Crypto Tracker";
				INFOPLIST_KEY_UIApplicationSceneManifest_Generation = YES;
				INFOPLIST_KEY_UIApplicationSupportsIndirectInputEvents = YES;
				INFOPLIST_KEY_UILaunchScreen_Generation = YES;
				INFOPLIST_KEY_UISupportedInterfaceOrientations = UIInterfaceOrientationPortrait;
				LD_RUNPATH_SEARCH_PATHS = (
					"$(inherited)",
					"@executable_path/Frameworks",
				);
				MARKETING_VERSION = 1.0;
				PRODUCT_BUNDLE_IDENTIFIER = com.shreyapallan.SwiftfulCrypto;
				PRODUCT_NAME = "$(TARGET_NAME)";
				SUPPORTED_PLATFORMS = "iphoneos iphonesimulator";
				SUPPORTS_MACCATALYST = NO;
				SUPPORTS_MAC_DESIGNED_FOR_IPHONE_IPAD = NO;
				SUPPORTS_XR_DESIGNED_FOR_IPHONE_IPAD = NO;
				SWIFT_EMIT_LOC_STRINGS = YES;
				SWIFT_VERSION = 5.0;
				TARGETED_DEVICE_FAMILY = "1,2";
			};
			name = Release;
		};
/* End XCBuildConfiguration section */

/* Begin XCConfigurationList section */
		1AE1AB3F2CC517A60094166A /* Build configuration list for PBXProject "SwiftfulCrypto" */ = {
			isa = XCConfigurationList;
			buildConfigurations = (
				1AE1AB552CC517A70094166A /* Debug */,
				1AE1AB562CC517A70094166A /* Release */,
			);
			defaultConfigurationIsVisible = 0;
			defaultConfigurationName = Release;
		};
		1AE1AB572CC517A70094166A /* Build configuration list for PBXNativeTarget "SwiftfulCrypto" */ = {
			isa = XCConfigurationList;
			buildConfigurations = (
				1AE1AB582CC517A70094166A /* Debug */,
				1AE1AB592CC517A70094166A /* Release */,
			);
			defaultConfigurationIsVisible = 0;
			defaultConfigurationName = Release;
		};
/* End XCConfigurationList section */

/* Begin XCVersionGroup section */
		1AE1AB962CD399800094166A /* PortfolioContainer.xcdatamodeld */ = {
			isa = XCVersionGroup;
			children = (
				1AE1AB972CD399800094166A /* PortfolioContainer.xcdatamodel */,
			);
			currentVersion = 1AE1AB972CD399800094166A /* PortfolioContainer.xcdatamodel */;
			path = PortfolioContainer.xcdatamodeld;
			sourceTree = "<group>";
			versionGroupType = wrapper.xcdatamodel;
		};
/* End XCVersionGroup section */
	};
	rootObject = 1AE1AB3C2CC517A60094166A /* Project object */;
}
